
Microsoft Visual Studio Solution File, Format Version 12.00
# Visual Studio 14
VisualStudioVersion = 14.0.25420.1
MinimumVisualStudioVersion = 10.0.40219.1
Project("{FAE04EC0-301F-11D3-BF4B-00C04F79EFBC}") = "WebApplication1", "WebApplication1\WebApplication1.csproj", "{462A2202-D18F-4B69-A51E-0410D6324253}"
EndProject
Project("{E24C65DC-7377-472B-9ABA-BC803B73C61A}") = "logvai(1)", "..\logvai\", "{AAF3040C-0ED8-4AE5-9364-26D00B2C670A}"
	ProjectSection(WebsiteProperties) = preProject
		TargetFrameworkMoniker = ".NETFramework,Version%3Dv4.5.2"
		ProjectReferences = "{babc5658-6afd-4f8e-81f1-434553663d99}|Uol.PagSeguro.dll;"
		Debug.AspNetCompiler.VirtualPath = "/localhost_49754"
		Debug.AspNetCompiler.PhysicalPath = "..\logvai\"
		Debug.AspNetCompiler.TargetPath = "PrecompiledWeb\localhost_49754\"
		Debug.AspNetCompiler.Updateable = "true"
		Debug.AspNetCompiler.ForceOverwrite = "true"
		Debug.AspNetCompiler.FixedNames = "false"
		Debug.AspNetCompiler.Debug = "True"
		Release.AspNetCompiler.VirtualPath = "/localhost_49754"
		Release.AspNetCompiler.PhysicalPath = "..\logvai\"
		Release.AspNetCompiler.TargetPath = "PrecompiledWeb\localhost_49754\"
		Release.AspNetCompiler.Updateable = "true"
		Release.AspNetCompiler.ForceOverwrite = "true"
		Release.AspNetCompiler.FixedNames = "false"
		Release.AspNetCompiler.Debug = "False"
		VWDPort = "49754"
		SlnRelativePath = "..\logvai\"
	EndProjectSection
EndProject
Project("{FAE04EC0-301F-11D3-BF4B-00C04F79EFBC}") = "Uol.PagSeguro", "..\..\pagseguro-sdk-dotnet\source\Uol.PagSeguro\Uol.PagSeguro.csproj", "{BABC5658-6AFD-4F8E-81F1-434553663D99}"
EndProject
Project("{E24C65DC-7377-472B-9ABA-BC803B73C61A}") = "logvai_Adm", "..\logvai_Adm\", "{13AD305F-1D90-4ED7-88F8-6B329324399A}"
	ProjectSection(WebsiteProperties) = preProject
		TargetFrameworkMoniker = ".NETFramework,Version%3Dv4.5.2"
		Debug.AspNetCompiler.VirtualPath = "/localhost_52885"
		Debug.AspNetCompiler.PhysicalPath = "..\logvai_Adm\"
		Debug.AspNetCompiler.TargetPath = "PrecompiledWeb\localhost_52885\"
		Debug.AspNetCompiler.Updateable = "true"
		Debug.AspNetCompiler.ForceOverwrite = "true"
		Debug.AspNetCompiler.FixedNames = "false"
		Debug.AspNetCompiler.Debug = "True"
		Release.AspNetCompiler.VirtualPath = "/localhost_52885"
		Release.AspNetCompiler.PhysicalPath = "..\logvai_Adm\"
		Release.AspNetCompiler.TargetPath = "PrecompiledWeb\localhost_52885\"
		Release.AspNetCompiler.Updateable = "true"
		Release.AspNetCompiler.ForceOverwrite = "true"
		Release.AspNetCompiler.FixedNames = "false"
		Release.AspNetCompiler.Debug = "False"
		VWDPort = "52885"
		SlnRelativePath = "..\logvai_Adm\"
		DefaultWebSiteLanguage = "Visual C#"
	EndProjectSection
EndProject
Global
	GlobalSection(SolutionConfigurationPlatforms) = preSolution
		Debug|Any CPU = Debug|Any CPU
		Debug|x86 = Debug|x86
		Release|Any CPU = Release|Any CPU
		Release|x86 = Release|x86
	EndGlobalSection
	GlobalSection(ProjectConfigurationPlatforms) = postSolution
		{462A2202-D18F-4B69-A51E-0410D6324253}.Debug|Any CPU.ActiveCfg = Debug|Any CPU
		{462A2202-D18F-4B69-A51E-0410D6324253}.Debug|Any CPU.Build.0 = Debug|Any CPU
		{462A2202-D18F-4B69-A51E-0410D6324253}.Debug|x86.ActiveCfg = Debug|Any CPU
		{462A2202-D18F-4B69-A51E-0410D6324253}.Debug|x86.Build.0 = Debug|Any CPU
		{462A2202-D18F-4B69-A51E-0410D6324253}.Release|Any CPU.ActiveCfg = Release|Any CPU
		{462A2202-D18F-4B69-A51E-0410D6324253}.Release|Any CPU.Build.0 = Release|Any CPU
		{462A2202-D18F-4B69-A51E-0410D6324253}.Release|x86.ActiveCfg = Release|Any CPU
		{462A2202-D18F-4B69-A51E-0410D6324253}.Release|x86.Build.0 = Release|Any CPU
		{AAF3040C-0ED8-4AE5-9364-26D00B2C670A}.Debug|Any CPU.ActiveCfg = Debug|Any CPU
		{AAF3040C-0ED8-4AE5-9364-26D00B2C670A}.Debug|Any CPU.Build.0 = Debug|Any CPU
		{AAF3040C-0ED8-4AE5-9364-26D00B2C670A}.Debug|x86.ActiveCfg = Debug|Any CPU
		{AAF3040C-0ED8-4AE5-9364-26D00B2C670A}.Debug|x86.Build.0 = Debug|Any CPU
		{AAF3040C-0ED8-4AE5-9364-26D00B2C670A}.Release|Any CPU.ActiveCfg = Debug|Any CPU
		{AAF3040C-0ED8-4AE5-9364-26D00B2C670A}.Release|Any CPU.Build.0 = Debug|Any CPU
		{AAF3040C-0ED8-4AE5-9364-26D00B2C670A}.Release|x86.ActiveCfg = Debug|Any CPU
		{AAF3040C-0ED8-4AE5-9364-26D00B2C670A}.Release|x86.Build.0 = Debug|Any CPU
		{BABC5658-6AFD-4F8E-81F1-434553663D99}.Debug|Any CPU.ActiveCfg = Debug|Any CPU
		{BABC5658-6AFD-4F8E-81F1-434553663D99}.Debug|Any CPU.Build.0 = Debug|Any CPU
		{BABC5658-6AFD-4F8E-81F1-434553663D99}.Debug|x86.ActiveCfg = Debug|Any CPU
		{BABC5658-6AFD-4F8E-81F1-434553663D99}.Debug|x86.Build.0 = Debug|Any CPU
		{BABC5658-6AFD-4F8E-81F1-434553663D99}.Release|Any CPU.ActiveCfg = Release|Any CPU
		{BABC5658-6AFD-4F8E-81F1-434553663D99}.Release|Any CPU.Build.0 = Release|Any CPU
		{BABC5658-6AFD-4F8E-81F1-434553663D99}.Release|x86.ActiveCfg = Release|Any CPU
		{BABC5658-6AFD-4F8E-81F1-434553663D99}.Release|x86.Build.0 = Release|Any CPU
		{13AD305F-1D90-4ED7-88F8-6B329324399A}.Debug|Any CPU.ActiveCfg = Debug|Any CPU
		{13AD305F-1D90-4ED7-88F8-6B329324399A}.Debug|Any CPU.Build.0 = Debug|Any CPU
		{13AD305F-1D90-4ED7-88F8-6B329324399A}.Debug|x86.ActiveCfg = Debug|Any CPU
		{13AD305F-1D90-4ED7-88F8-6B329324399A}.Debug|x86.Build.0 = Debug|Any CPU
		{13AD305F-1D90-4ED7-88F8-6B329324399A}.Release|Any CPU.ActiveCfg = Debug|Any CPU
		{13AD305F-1D90-4ED7-88F8-6B329324399A}.Release|Any CPU.Build.0 = Debug|Any CPU
		{13AD305F-1D90-4ED7-88F8-6B329324399A}.Release|x86.ActiveCfg = Debug|Any CPU
		{13AD305F-1D90-4ED7-88F8-6B329324399A}.Release|x86.Build.0 = Debug|Any CPU
	EndGlobalSection
	GlobalSection(SolutionProperties) = preSolution
		HideSolutionNode = FALSE
	EndGlobalSection
EndGlobal
